version: 4
apis:
  private:
    provenance: declared
    source: openapi
    scope: all
    max_lock_bytes: 5242880
    contract_bytes: 907
    contract_digest: sha256:cd704479de5cd8171c628a8a24baec185ff99aecb358989f018324f9591be48d
    contract:
      operations:
        GET /accounts:
          display_path: /accounts
          auth:
            bearerAuth:
              kind: bearer
              scopes: []
          servers:
          - /
          parameters: {}
          request_body: null
          responses:
            '200':
              application/json: sha256:49330b89bad120f5928c12e372d2f71598f9e496dd95d03c5977ff999a62eb08
      schemas:
        sha256:49330b89bad120f5928c12e372d2f71598f9e496dd95d03c5977ff999a62eb08:
          kind: object
          nullable: false
          format: null
          enum_values: []
          properties:
            token:
              required: false
              schema: sha256:7d849bbc37aedc445ec03977b861c134baec76f6491eeb74648dfca04dff9b90
          additional_properties:
            kind: any
          branches: []
        sha256:7d849bbc37aedc445ec03977b861c134baec76f6491eeb74648dfca04dff9b90:
          kind: string
          nullable: false
          format: null
          enum_values: []
          properties: {}
          additional_properties:
            kind: forbidden
          branches: []
