version: 4
apis:
  private:
    provenance: declared
    source: openapi
    scope: all
    max_lock_bytes: 5242880
    contract_bytes: 824
    contract_digest: sha256:c985a4c1aa27fc7f6595865b94264a93b4445da3028344049a6491f2b455597a
    contract:
      operations:
        GET /accounts:
          auth:
            bearerAuth:
              kind: bearer
              scopes: []
          parameters: {}
          request_body: null
          responses:
            '200':
              application/json: sha256:7810d58a741a0a645788912a9dbc4ceaea7affce46627d3f2f8684eb3500bb2d
      schemas:
        sha256:700cce57d4c4800ddab630893de77e6dc81e1e9e82b5f8659e888e5d2ed82331:
          kind: string
          nullable: false
          format: null
          enum_values: []
          properties: {}
          additional_properties:
            kind: forbidden
        sha256:7810d58a741a0a645788912a9dbc4ceaea7affce46627d3f2f8684eb3500bb2d:
          kind: object
          nullable: false
          format: null
          enum_values: []
          properties:
            token:
              required: false
              schema: sha256:700cce57d4c4800ddab630893de77e6dc81e1e9e82b5f8659e888e5d2ed82331
          additional_properties:
            kind: any
